// !$*UTF8*$!
{
	archiveVersion = 1;
	classes = {
	};
	objectVersion = 46;
	objects = {

/* Begin PBXBuildFile section */
		569533AA1B526EA100CA2B48 /* main.m in Sources */ = {isa = PBXBuildFile; fileRef = 569533A91B526EA100CA2B48 /* main.m */; };
		569533AD1B526EA100CA2B48 /* AppDelegate.m in Sources */ = {isa = PBXBuildFile; fileRef = 569533AC1B526EA100CA2B48 /* AppDelegate.m */; };
		569533B01B526EA100CA2B48 /* ViewController.m in Sources */ = {isa = PBXBuildFile; fileRef = 569533AF1B526EA100CA2B48 /* ViewController.m */; };
		569533B31B526EA100CA2B48 /* Main.storyboard in Resources */ = {isa = PBXBuildFile; fileRef = 569533B11B526EA100CA2B48 /* Main.storyboard */; };
		569533B51B526EA100CA2B48 /* Images.xcassets in Resources */ = {isa = PBXBuildFile; fileRef = 569533B41B526EA100CA2B48 /* Images.xcassets */; };
		569533B81B526EA100CA2B48 /* LaunchScreen.xib in Resources */ = {isa = PBXBuildFile; fileRef = 569533B61B526EA100CA2B48 /* LaunchScreen.xib */; };
		569533C41B526EA100CA2B48 /* Protobuf_v2_6_0Tests.m in Sources */ = {isa = PBXBuildFile; fileRef = 569533C31B526EA100CA2B48 /* Protobuf_v2_6_0Tests.m */; };
		569534371B526F1800CA2B48 /* message_data.cc in Sources */ = {isa = PBXBuildFile; fileRef = 569533CE1B526F1800CA2B48 /* message_data.cc */; };
		569534381B526F1800CA2B48 /* OCMessageValue.mm in Sources */ = {isa = PBXBuildFile; fileRef = 569533D31B526F1800CA2B48 /* OCMessageValue.mm */; };
		569534391B526F1800CA2B48 /* OCProtobufMaganer.mm in Sources */ = {isa = PBXBuildFile; fileRef = 569533D51B526F1800CA2B48 /* OCProtobufMaganer.mm */; };
		5695343A1B526F1800CA2B48 /* importer.cc in Sources */ = {isa = PBXBuildFile; fileRef = 569533DC1B526F1800CA2B48 /* importer.cc */; };
		5695343B1B526F1800CA2B48 /* parser.cc in Sources */ = {isa = PBXBuildFile; fileRef = 569533DE1B526F1800CA2B48 /* parser.cc */; };
		5695343C1B526F1800CA2B48 /* descriptor.cc in Sources */ = {isa = PBXBuildFile; fileRef = 569533E01B526F1800CA2B48 /* descriptor.cc */; };
		5695343D1B526F1800CA2B48 /* descriptor.pb.cc in Sources */ = {isa = PBXBuildFile; fileRef = 569533E21B526F1800CA2B48 /* descriptor.pb.cc */; };
		5695343E1B526F1800CA2B48 /* descriptor_database.cc in Sources */ = {isa = PBXBuildFile; fileRef = 569533E41B526F1800CA2B48 /* descriptor_database.cc */; };
		5695343F1B526F1800CA2B48 /* dynamic_message.cc in Sources */ = {isa = PBXBuildFile; fileRef = 569533E61B526F1800CA2B48 /* dynamic_message.cc */; };
		569534401B526F1800CA2B48 /* extension_set.cc in Sources */ = {isa = PBXBuildFile; fileRef = 569533E81B526F1800CA2B48 /* extension_set.cc */; };
		569534411B526F1800CA2B48 /* extension_set_heavy.cc in Sources */ = {isa = PBXBuildFile; fileRef = 569533EA1B526F1800CA2B48 /* extension_set_heavy.cc */; };
		569534421B526F1800CA2B48 /* generated_message_reflection.cc in Sources */ = {isa = PBXBuildFile; fileRef = 569533EC1B526F1800CA2B48 /* generated_message_reflection.cc */; };
		569534431B526F1800CA2B48 /* generated_message_util.cc in Sources */ = {isa = PBXBuildFile; fileRef = 569533EE1B526F1800CA2B48 /* generated_message_util.cc */; };
		569534441B526F1800CA2B48 /* coded_stream.cc in Sources */ = {isa = PBXBuildFile; fileRef = 569533F11B526F1800CA2B48 /* coded_stream.cc */; };
		569534451B526F1800CA2B48 /* printer.cc in Sources */ = {isa = PBXBuildFile; fileRef = 569533F41B526F1800CA2B48 /* printer.cc */; };
		569534461B526F1800CA2B48 /* strtod.cc in Sources */ = {isa = PBXBuildFile; fileRef = 569533F61B526F1800CA2B48 /* strtod.cc */; };
		569534471B526F1800CA2B48 /* tokenizer.cc in Sources */ = {isa = PBXBuildFile; fileRef = 569533F81B526F1800CA2B48 /* tokenizer.cc */; };
		569534481B526F1800CA2B48 /* zero_copy_stream.cc in Sources */ = {isa = PBXBuildFile; fileRef = 569533FA1B526F1800CA2B48 /* zero_copy_stream.cc */; };
		569534491B526F1800CA2B48 /* zero_copy_stream_impl.cc in Sources */ = {isa = PBXBuildFile; fileRef = 569533FC1B526F1800CA2B48 /* zero_copy_stream_impl.cc */; };
		5695344A1B526F1800CA2B48 /* zero_copy_stream_impl_lite.cc in Sources */ = {isa = PBXBuildFile; fileRef = 569533FE1B526F1800CA2B48 /* zero_copy_stream_impl_lite.cc */; };
		5695344B1B526F1800CA2B48 /* message.cc in Sources */ = {isa = PBXBuildFile; fileRef = 569534001B526F1800CA2B48 /* message.cc */; };
		5695344C1B526F1800CA2B48 /* message_lite.cc in Sources */ = {isa = PBXBuildFile; fileRef = 569534021B526F1800CA2B48 /* message_lite.cc */; };
		5695344D1B526F1800CA2B48 /* reflection_ops.cc in Sources */ = {isa = PBXBuildFile; fileRef = 569534051B526F1800CA2B48 /* reflection_ops.cc */; };
		5695344E1B526F1800CA2B48 /* repeated_field.cc in Sources */ = {isa = PBXBuildFile; fileRef = 569534071B526F1800CA2B48 /* repeated_field.cc */; };
		5695344F1B526F1800CA2B48 /* service.cc in Sources */ = {isa = PBXBuildFile; fileRef = 569534091B526F1800CA2B48 /* service.cc */; };
		569534501B526F1800CA2B48 /* atomicops_internals_x86_gcc.cc in Sources */ = {isa = PBXBuildFile; fileRef = 569534161B526F1800CA2B48 /* atomicops_internals_x86_gcc.cc */; };
		569534511B526F1800CA2B48 /* atomicops_internals_x86_msvc.cc in Sources */ = {isa = PBXBuildFile; fileRef = 569534181B526F1800CA2B48 /* atomicops_internals_x86_msvc.cc */; };
		569534521B526F1800CA2B48 /* common.cc in Sources */ = {isa = PBXBuildFile; fileRef = 5695341A1B526F1800CA2B48 /* common.cc */; };
		569534531B526F1800CA2B48 /* once.cc in Sources */ = {isa = PBXBuildFile; fileRef = 5695341E1B526F1800CA2B48 /* once.cc */; };
		569534541B526F1800CA2B48 /* stringprintf.cc in Sources */ = {isa = PBXBuildFile; fileRef = 569534231B526F1800CA2B48 /* stringprintf.cc */; };
		569534551B526F1800CA2B48 /* structurally_valid.cc in Sources */ = {isa = PBXBuildFile; fileRef = 569534251B526F1800CA2B48 /* structurally_valid.cc */; };
		569534561B526F1800CA2B48 /* strutil.cc in Sources */ = {isa = PBXBuildFile; fileRef = 569534261B526F1800CA2B48 /* strutil.cc */; };
		569534571B526F1800CA2B48 /* substitute.cc in Sources */ = {isa = PBXBuildFile; fileRef = 569534281B526F1800CA2B48 /* substitute.cc */; };
		569534581B526F1800CA2B48 /* text_format.cc in Sources */ = {isa = PBXBuildFile; fileRef = 5695342C1B526F1800CA2B48 /* text_format.cc */; };
		569534591B526F1800CA2B48 /* unknown_field_set.cc in Sources */ = {isa = PBXBuildFile; fileRef = 5695342E1B526F1800CA2B48 /* unknown_field_set.cc */; };
		5695345A1B526F1800CA2B48 /* wire_format.cc in Sources */ = {isa = PBXBuildFile; fileRef = 569534301B526F1800CA2B48 /* wire_format.cc */; };
		5695345B1B526F1800CA2B48 /* wire_format_lite.cc in Sources */ = {isa = PBXBuildFile; fileRef = 569534321B526F1800CA2B48 /* wire_format_lite.cc */; };
		5695345C1B526F1800CA2B48 /* protobuf_manager.cc in Sources */ = {isa = PBXBuildFile; fileRef = 569534351B526F1800CA2B48 /* protobuf_manager.cc */; };
		569534611B52707C00CA2B48 /* test.pb.cc in Sources */ = {isa = PBXBuildFile; fileRef = 5695345E1B52707C00CA2B48 /* test.pb.cc */; };
		569534621B52707C00CA2B48 /* test.proto in Resources */ = {isa = PBXBuildFile; fileRef = 569534601B52707C00CA2B48 /* test.proto */; };
		569534651B5270AE00CA2B48 /* HomeController.m in Sources */ = {isa = PBXBuildFile; fileRef = 569534641B5270AE00CA2B48 /* HomeController.m */; };
		569534821B52824A00CA2B48 /* JSONModel+CoreData.m in Sources */ = {isa = PBXBuildFile; fileRef = 569534691B52824A00CA2B48 /* JSONModel+CoreData.m */; };
		569534831B52824A00CA2B48 /* JSONModel.m in Sources */ = {isa = PBXBuildFile; fileRef = 5695346B1B52824A00CA2B48 /* JSONModel.m */; };
		569534841B52824A00CA2B48 /* JSONModelArray.m in Sources */ = {isa = PBXBuildFile; fileRef = 5695346D1B52824A00CA2B48 /* JSONModelArray.m */; };
		569534851B52824A00CA2B48 /* JSONModelClassProperty.m in Sources */ = {isa = PBXBuildFile; fileRef = 5695346F1B52824A00CA2B48 /* JSONModelClassProperty.m */; };
		569534861B52824A00CA2B48 /* JSONModelError.m in Sources */ = {isa = PBXBuildFile; fileRef = 569534711B52824A00CA2B48 /* JSONModelError.m */; };
		569534871B52824A00CA2B48 /* NSArray+JSONModel.m in Sources */ = {isa = PBXBuildFile; fileRef = 569534741B52824A00CA2B48 /* NSArray+JSONModel.m */; };
		5695348B1B52824A00CA2B48 /* JSONKeyMapper.m in Sources */ = {isa = PBXBuildFile; fileRef = 5695347F1B52824A00CA2B48 /* JSONKeyMapper.m */; };
		5695348C1B52824A00CA2B48 /* JSONValueTransformer.m in Sources */ = {isa = PBXBuildFile; fileRef = 569534811B52824A00CA2B48 /* JSONValueTransformer.m */; };
		569534911B5283E900CA2B48 /* TestJsonModel.m in Sources */ = {isa = PBXBuildFile; fileRef = 569534901B5283E900CA2B48 /* TestJsonModel.m */; };
/* End PBXBuildFile section */

/* Begin PBXContainerItemProxy section */
		569533BE1B526EA100CA2B48 /* PBXContainerItemProxy */ = {
			isa = PBXContainerItemProxy;
			containerPortal = 5695339C1B526EA100CA2B48 /* Project object */;
			proxyType = 1;
			remoteGlobalIDString = 569533A31B526EA100CA2B48;
			remoteInfo = "Protobuf-v2.6.0";
		};
/* End PBXContainerItemProxy section */

/* Begin PBXFileReference section */
		569533A41B526EA100CA2B48 /* Protobuf-v2.6.0.app */ = {isa = PBXFileReference; explicitFileType = wrapper.application; includeInIndex = 0; path = "Protobuf-v2.6.0.app"; sourceTree = BUILT_PRODUCTS_DIR; };
		569533A81B526EA100CA2B48 /* Info.plist */ = {isa = PBXFileReference; lastKnownFileType = text.plist.xml; path = Info.plist; sourceTree = "<group>"; };
		569533A91B526EA100CA2B48 /* main.m */ = {isa = PBXFileReference; lastKnownFileType = sourcecode.c.objc; path = main.m; sourceTree = "<group>"; };
		569533AB1B526EA100CA2B48 /* AppDelegate.h */ = {isa = PBXFileReference; lastKnownFileType = sourcecode.c.h; path = AppDelegate.h; sourceTree = "<group>"; };
		569533AC1B526EA100CA2B48 /* AppDelegate.m */ = {isa = PBXFileReference; lastKnownFileType = sourcecode.c.objc; path = AppDelegate.m; sourceTree = "<group>"; };
		569533AE1B526EA100CA2B48 /* ViewController.h */ = {isa = PBXFileReference; lastKnownFileType = sourcecode.c.h; path = ViewController.h; sourceTree = "<group>"; };
		569533AF1B526EA100CA2B48 /* ViewController.m */ = {isa = PBXFileReference; lastKnownFileType = sourcecode.c.objc; path = ViewController.m; sourceTree = "<group>"; };
		569533B21B526EA100CA2B48 /* Base */ = {isa = PBXFileReference; lastKnownFileType = file.storyboard; name = Base; path = Base.lproj/Main.storyboard; sourceTree = "<group>"; };
		569533B41B526EA100CA2B48 /* Images.xcassets */ = {isa = PBXFileReference; lastKnownFileType = folder.assetcatalog; path = Images.xcassets; sourceTree = "<group>"; };
		569533B71B526EA100CA2B48 /* Base */ = {isa = PBXFileReference; lastKnownFileType = file.xib; name = Base; path = Base.lproj/LaunchScreen.xib; sourceTree = "<group>"; };
		569533BD1B526EA100CA2B48 /* Protobuf-v2.6.0Tests.xctest */ = {isa = PBXFileReference; explicitFileType = wrapper.cfbundle; includeInIndex = 0; path = "Protobuf-v2.6.0Tests.xctest"; sourceTree = BUILT_PRODUCTS_DIR; };
		569533C21B526EA100CA2B48 /* Info.plist */ = {isa = PBXFileReference; lastKnownFileType = text.plist.xml; path = Info.plist; sourceTree = "<group>"; };
		569533C31B526EA100CA2B48 /* Protobuf_v2_6_0Tests.m */ = {isa = PBXFileReference; lastKnownFileType = sourcecode.c.objc; path = Protobuf_v2_6_0Tests.m; sourceTree = "<group>"; };
		569533CE1B526F1800CA2B48 /* message_data.cc */ = {isa = PBXFileReference; fileEncoding = 4; lastKnownFileType = sourcecode.cpp.cpp; path = message_data.cc; sourceTree = "<group>"; };
		569533CF1B526F1800CA2B48 /* message_data.h */ = {isa = PBXFileReference; fileEncoding = 4; lastKnownFileType = sourcecode.c.h; path = message_data.h; sourceTree = "<group>"; };
		569533D01B526F1800CA2B48 /* message_data_def.h */ = {isa = PBXFileReference; fileEncoding = 4; lastKnownFileType = sourcecode.c.h; path = message_data_def.h; sourceTree = "<group>"; };
		569533D21B526F1800CA2B48 /* OCMessageValue.h */ = {isa = PBXFileReference; fileEncoding = 4; lastKnownFileType = sourcecode.c.h; path = OCMessageValue.h; sourceTree = "<group>"; };
		569533D31B526F1800CA2B48 /* OCMessageValue.mm */ = {isa = PBXFileReference; fileEncoding = 4; lastKnownFileType = sourcecode.cpp.objcpp; path = OCMessageValue.mm; sourceTree = "<group>"; };
		569533D41B526F1800CA2B48 /* OCProtobufMaganer.h */ = {isa = PBXFileReference; fileEncoding = 4; lastKnownFileType = sourcecode.c.h; path = OCProtobufMaganer.h; sourceTree = "<group>"; };
		569533D51B526F1800CA2B48 /* OCProtobufMaganer.mm */ = {isa = PBXFileReference; fileEncoding = 4; lastKnownFileType = sourcecode.cpp.objcpp; path = OCProtobufMaganer.mm; sourceTree = "<group>"; };
		569533D71B526F1800CA2B48 /* config.h */ = {isa = PBXFileReference; fileEncoding = 4; lastKnownFileType = sourcecode.c.h; name = config.h; path = ../config.h; sourceTree = "<group>"; };
		569533DC1B526F1800CA2B48 /* importer.cc */ = {isa = PBXFileReference; fileEncoding = 4; lastKnownFileType = sourcecode.cpp.cpp; path = importer.cc; sourceTree = "<group>"; };
		569533DD1B526F1800CA2B48 /* importer.h */ = {isa = PBXFileReference; fileEncoding = 4; lastKnownFileType = sourcecode.c.h; path = importer.h; sourceTree = "<group>"; };
		569533DE1B526F1800CA2B48 /* parser.cc */ = {isa = PBXFileReference; fileEncoding = 4; lastKnownFileType = sourcecode.cpp.cpp; path = parser.cc; sourceTree = "<group>"; };
		569533DF1B526F1800CA2B48 /* parser.h */ = {isa = PBXFileReference; fileEncoding = 4; lastKnownFileType = sourcecode.c.h; path = parser.h; sourceTree = "<group>"; };
		569533E01B526F1800CA2B48 /* descriptor.cc */ = {isa = PBXFileReference; fileEncoding = 4; lastKnownFileType = sourcecode.cpp.cpp; path = descriptor.cc; sourceTree = "<group>"; };
		569533E11B526F1800CA2B48 /* descriptor.h */ = {isa = PBXFileReference; fileEncoding = 4; lastKnownFileType = sourcecode.c.h; path = descriptor.h; sourceTree = "<group>"; };
		569533E21B526F1800CA2B48 /* descriptor.pb.cc */ = {isa = PBXFileReference; fileEncoding = 4; lastKnownFileType = sourcecode.cpp.cpp; path = descriptor.pb.cc; sourceTree = "<group>"; };
		569533E31B526F1800CA2B48 /* descriptor.pb.h */ = {isa = PBXFileReference; fileEncoding = 4; lastKnownFileType = sourcecode.c.h; path = descriptor.pb.h; sourceTree = "<group>"; };
		569533E41B526F1800CA2B48 /* descriptor_database.cc */ = {isa = PBXFileReference; fileEncoding = 4; lastKnownFileType = sourcecode.cpp.cpp; path = descriptor_database.cc; sourceTree = "<group>"; };
		569533E51B526F1800CA2B48 /* descriptor_database.h */ = {isa = PBXFileReference; fileEncoding = 4; lastKnownFileType = sourcecode.c.h; path = descriptor_database.h; sourceTree = "<group>"; };
		569533E61B526F1800CA2B48 /* dynamic_message.cc */ = {isa = PBXFileReference; fileEncoding = 4; lastKnownFileType = sourcecode.cpp.cpp; path = dynamic_message.cc; sourceTree = "<group>"; };
		569533E71B526F1800CA2B48 /* dynamic_message.h */ = {isa = PBXFileReference; fileEncoding = 4; lastKnownFileType = sourcecode.c.h; path = dynamic_message.h; sourceTree = "<group>"; };
		569533E81B526F1800CA2B48 /* extension_set.cc */ = {isa = PBXFileReference; fileEncoding = 4; lastKnownFileType = sourcecode.cpp.cpp; path = extension_set.cc; sourceTree = "<group>"; };
		569533E91B526F1800CA2B48 /* extension_set.h */ = {isa = PBXFileReference; fileEncoding = 4; lastKnownFileType = sourcecode.c.h; path = extension_set.h; sourceTree = "<group>"; };
		569533EA1B526F1800CA2B48 /* extension_set_heavy.cc */ = {isa = PBXFileReference; fileEncoding = 4; lastKnownFileType = sourcecode.cpp.cpp; path = extension_set_heavy.cc; sourceTree = "<group>"; };
		569533EB1B526F1800CA2B48 /* generated_enum_reflection.h */ = {isa = PBXFileReference; fileEncoding = 4; lastKnownFileType = sourcecode.c.h; path = generated_enum_reflection.h; sourceTree = "<group>"; };
		569533EC1B526F1800CA2B48 /* generated_message_reflection.cc */ = {isa = PBXFileReference; fileEncoding = 4; lastKnownFileType = sourcecode.cpp.cpp; path = generated_message_reflection.cc; sourceTree = "<group>"; };
		569533ED1B526F1800CA2B48 /* generated_message_reflection.h */ = {isa = PBXFileReference; fileEncoding = 4; lastKnownFileType = sourcecode.c.h; path = generated_message_reflection.h; sourceTree = "<group>"; };
		569533EE1B526F1800CA2B48 /* generated_message_util.cc */ = {isa = PBXFileReference; fileEncoding = 4; lastKnownFileType = sourcecode.cpp.cpp; path = generated_message_util.cc; sourceTree = "<group>"; };
		569533EF1B526F1800CA2B48 /* generated_message_util.h */ = {isa = PBXFileReference; fileEncoding = 4; lastKnownFileType = sourcecode.c.h; path = generated_message_util.h; sourceTree = "<group>"; };
		569533F11B526F1800CA2B48 /* coded_stream.cc */ = {isa = PBXFileReference; fileEncoding = 4; lastKnownFileType = sourcecode.cpp.cpp; path = coded_stream.cc; sourceTree = "<group>"; };
		569533F21B526F1800CA2B48 /* coded_stream.h */ = {isa = PBXFileReference; fileEncoding = 4; lastKnownFileType = sourcecode.c.h; path = coded_stream.h; sourceTree = "<group>"; };
		569533F31B526F1800CA2B48 /* coded_stream_inl.h */ = {isa = PBXFileReference; fileEncoding = 4; lastKnownFileType = sourcecode.c.h; path = coded_stream_inl.h; sourceTree = "<group>"; };
		569533F41B526F1800CA2B48 /* printer.cc */ = {isa = PBXFileReference; fileEncoding = 4; lastKnownFileType = sourcecode.cpp.cpp; path = printer.cc; sourceTree = "<group>"; };
		569533F51B526F1800CA2B48 /* printer.h */ = {isa = PBXFileReference; fileEncoding = 4; lastKnownFileType = sourcecode.c.h; path = printer.h; sourceTree = "<group>"; };
		569533F61B526F1800CA2B48 /* strtod.cc */ = {isa = PBXFileReference; fileEncoding = 4; lastKnownFileType = sourcecode.cpp.cpp; path = strtod.cc; sourceTree = "<group>"; };
		569533F71B526F1800CA2B48 /* strtod.h */ = {isa = PBXFileReference; fileEncoding = 4; lastKnownFileType = sourcecode.c.h; path = strtod.h; sourceTree = "<group>"; };
		569533F81B526F1800CA2B48 /* tokenizer.cc */ = {isa = PBXFileReference; fileEncoding = 4; lastKnownFileType = sourcecode.cpp.cpp; path = tokenizer.cc; sourceTree = "<group>"; };
		569533F91B526F1800CA2B48 /* tokenizer.h */ = {isa = PBXFileReference; fileEncoding = 4; lastKnownFileType = sourcecode.c.h; path = tokenizer.h; sourceTree = "<group>"; };
		569533FA1B526F1800CA2B48 /* zero_copy_stream.cc */ = {isa = PBXFileReference; fileEncoding = 4; lastKnownFileType = sourcecode.cpp.cpp; path = zero_copy_stream.cc; sourceTree = "<group>"; };
		569533FB1B526F1800CA2B48 /* zero_copy_stream.h */ = {isa = PBXFileReference; fileEncoding = 4; lastKnownFileType = sourcecode.c.h; path = zero_copy_stream.h; sourceTree = "<group>"; };
		569533FC1B526F1800CA2B48 /* zero_copy_stream_impl.cc */ = {isa = PBXFileReference; fileEncoding = 4; lastKnownFileType = sourcecode.cpp.cpp; path = zero_copy_stream_impl.cc; sourceTree = "<group>"; };
		569533FD1B526F1800CA2B48 /* zero_copy_stream_impl.h */ = {isa = PBXFileReference; fileEncoding = 4; lastKnownFileType = sourcecode.c.h; path = zero_copy_stream_impl.h; sourceTree = "<group>"; };
		569533FE1B526F1800CA2B48 /* zero_copy_stream_impl_lite.cc */ = {isa = PBXFileReference; fileEncoding = 4; lastKnownFileType = sourcecode.cpp.cpp; path = zero_copy_stream_impl_lite.cc; sourceTree = "<group>"; };
		569533FF1B526F1800CA2B48 /* zero_copy_stream_impl_lite.h */ = {isa = PBXFileReference; fileEncoding = 4; lastKnownFileType = sourcecode.c.h; path = zero_copy_stream_impl_lite.h; sourceTree = "<group>"; };
		569534001B526F1800CA2B48 /* message.cc */ = {isa = PBXFileReference; fileEncoding = 4; lastKnownFileType = sourcecode.cpp.cpp; path = message.cc; sourceTree = "<group>"; };
		569534011B526F1800CA2B48 /* message.h */ = {isa = PBXFileReference; fileEncoding = 4; lastKnownFileType = sourcecode.c.h; path = message.h; sourceTree = "<group>"; };
		569534021B526F1800CA2B48 /* message_lite.cc */ = {isa = PBXFileReference; fileEncoding = 4; lastKnownFileType = sourcecode.cpp.cpp; path = message_lite.cc; sourceTree = "<group>"; };
		569534031B526F1800CA2B48 /* message_lite.h */ = {isa = PBXFileReference; fileEncoding = 4; lastKnownFileType = sourcecode.c.h; path = message_lite.h; sourceTree = "<group>"; };
		569534041B526F1800CA2B48 /* package_info.h */ = {isa = PBXFileReference; fileEncoding = 4; lastKnownFileType = sourcecode.c.h; path = package_info.h; sourceTree = "<group>"; };
		569534051B526F1800CA2B48 /* reflection_ops.cc */ = {isa = PBXFileReference; fileEncoding = 4; lastKnownFileType = sourcecode.cpp.cpp; path = reflection_ops.cc; sourceTree = "<group>"; };
		569534061B526F1800CA2B48 /* reflection_ops.h */ = {isa = PBXFileReference; fileEncoding = 4; lastKnownFileType = sourcecode.c.h; path = reflection_ops.h; sourceTree = "<group>"; };
		569534071B526F1800CA2B48 /* repeated_field.cc */ = {isa = PBXFileReference; fileEncoding = 4; lastKnownFileType = sourcecode.cpp.cpp; path = repeated_field.cc; sourceTree = "<group>"; };
		569534081B526F1800CA2B48 /* repeated_field.h */ = {isa = PBXFileReference; fileEncoding = 4; lastKnownFileType = sourcecode.c.h; path = repeated_field.h; sourceTree = "<group>"; };
		569534091B526F1800CA2B48 /* service.cc */ = {isa = PBXFileReference; fileEncoding = 4; lastKnownFileType = sourcecode.cpp.cpp; path = service.cc; sourceTree = "<group>"; };
		5695340A1B526F1800CA2B48 /* service.h */ = {isa = PBXFileReference; fileEncoding = 4; lastKnownFileType = sourcecode.c.h; path = service.h; sourceTree = "<group>"; };
		5695340C1B526F1800CA2B48 /* atomicops.h */ = {isa = PBXFileReference; fileEncoding = 4; lastKnownFileType = sourcecode.c.h; path = atomicops.h; sourceTree = "<group>"; };
		5695340D1B526F1800CA2B48 /* atomicops_internals_arm64_gcc.h */ = {isa = PBXFileReference; fileEncoding = 4; lastKnownFileType = sourcecode.c.h; path = atomicops_internals_arm64_gcc.h; sourceTree = "<group>"; };
		5695340E1B526F1800CA2B48 /* atomicops_internals_arm_gcc.h */ = {isa = PBXFileReference; fileEncoding = 4; lastKnownFileType = sourcecode.c.h; path = atomicops_internals_arm_gcc.h; sourceTree = "<group>"; };
		5695340F1B526F1800CA2B48 /* atomicops_internals_arm_qnx.h */ = {isa = PBXFileReference; fileEncoding = 4; lastKnownFileType = sourcecode.c.h; path = atomicops_internals_arm_qnx.h; sourceTree = "<group>"; };
		569534101B526F1800CA2B48 /* atomicops_internals_atomicword_compat.h */ = {isa = PBXFileReference; fileEncoding = 4; lastKnownFileType = sourcecode.c.h; path = atomicops_internals_atomicword_compat.h; sourceTree = "<group>"; };
		569534111B526F1800CA2B48 /* atomicops_internals_generic_gcc.h */ = {isa = PBXFileReference; fileEncoding = 4; lastKnownFileType = sourcecode.c.h; path = atomicops_internals_generic_gcc.h; sourceTree = "<group>"; };
		569534121B526F1800CA2B48 /* atomicops_internals_macosx.h */ = {isa = PBXFileReference; fileEncoding = 4; lastKnownFileType = sourcecode.c.h; path = atomicops_internals_macosx.h; sourceTree = "<group>"; };
		569534131B526F1800CA2B48 /* atomicops_internals_mips_gcc.h */ = {isa = PBXFileReference; fileEncoding = 4; lastKnownFileType = sourcecode.c.h; path = atomicops_internals_mips_gcc.h; sourceTree = "<group>"; };
		569534141B526F1800CA2B48 /* atomicops_internals_pnacl.h */ = {isa = PBXFileReference; fileEncoding = 4; lastKnownFileType = sourcecode.c.h; path = atomicops_internals_pnacl.h; sourceTree = "<group>"; };
		569534151B526F1800CA2B48 /* atomicops_internals_tsan.h */ = {isa = PBXFileReference; fileEncoding = 4; lastKnownFileType = sourcecode.c.h; path = atomicops_internals_tsan.h; sourceTree = "<group>"; };
		569534161B526F1800CA2B48 /* atomicops_internals_x86_gcc.cc */ = {isa = PBXFileReference; fileEncoding = 4; lastKnownFileType = sourcecode.cpp.cpp; path = atomicops_internals_x86_gcc.cc; sourceTree = "<group>"; };
		569534171B526F1800CA2B48 /* atomicops_internals_x86_gcc.h */ = {isa = PBXFileReference; fileEncoding = 4; lastKnownFileType = sourcecode.c.h; path = atomicops_internals_x86_gcc.h; sourceTree = "<group>"; };
		569534181B526F1800CA2B48 /* atomicops_internals_x86_msvc.cc */ = {isa = PBXFileReference; fileEncoding = 4; lastKnownFileType = sourcecode.cpp.cpp; path = atomicops_internals_x86_msvc.cc; sourceTree = "<group>"; };
		569534191B526F1800CA2B48 /* atomicops_internals_x86_msvc.h */ = {isa = PBXFileReference; fileEncoding = 4; lastKnownFileType = sourcecode.c.h; path = atomicops_internals_x86_msvc.h; sourceTree = "<group>"; };
		5695341A1B526F1800CA2B48 /* common.cc */ = {isa = PBXFileReference; fileEncoding = 4; lastKnownFileType = sourcecode.cpp.cpp; path = common.cc; sourceTree = "<group>"; };
		5695341B1B526F1800CA2B48 /* common.h */ = {isa = PBXFileReference; fileEncoding = 4; lastKnownFileType = sourcecode.c.h; path = common.h; sourceTree = "<group>"; };
		5695341C1B526F1800CA2B48 /* hash.h */ = {isa = PBXFileReference; fileEncoding = 4; lastKnownFileType = sourcecode.c.h; path = hash.h; sourceTree = "<group>"; };
		5695341D1B526F1800CA2B48 /* map_util.h */ = {isa = PBXFileReference; fileEncoding = 4; lastKnownFileType = sourcecode.c.h; path = map_util.h; sourceTree = "<group>"; };
		5695341E1B526F1800CA2B48 /* once.cc */ = {isa = PBXFileReference; fileEncoding = 4; lastKnownFileType = sourcecode.cpp.cpp; path = once.cc; sourceTree = "<group>"; };
		5695341F1B526F1800CA2B48 /* once.h */ = {isa = PBXFileReference; fileEncoding = 4; lastKnownFileType = sourcecode.c.h; path = once.h; sourceTree = "<group>"; };
		569534201B526F1800CA2B48 /* platform_macros.h */ = {isa = PBXFileReference; fileEncoding = 4; lastKnownFileType = sourcecode.c.h; path = platform_macros.h; sourceTree = "<group>"; };
		569534211B526F1800CA2B48 /* shared_ptr.h */ = {isa = PBXFileReference; fileEncoding = 4; lastKnownFileType = sourcecode.c.h; path = shared_ptr.h; sourceTree = "<group>"; };
		569534221B526F1800CA2B48 /* stl_util.h */ = {isa = PBXFileReference; fileEncoding = 4; lastKnownFileType = sourcecode.c.h; path = stl_util.h; sourceTree = "<group>"; };
		569534231B526F1800CA2B48 /* stringprintf.cc */ = {isa = PBXFileReference; fileEncoding = 4; lastKnownFileType = sourcecode.cpp.cpp; path = stringprintf.cc; sourceTree = "<group>"; };
		569534241B526F1800CA2B48 /* stringprintf.h */ = {isa = PBXFileReference; fileEncoding = 4; lastKnownFileType = sourcecode.c.h; path = stringprintf.h; sourceTree = "<group>"; };
		569534251B526F1800CA2B48 /* structurally_valid.cc */ = {isa = PBXFileReference; fileEncoding = 4; lastKnownFileType = sourcecode.cpp.cpp; path = structurally_valid.cc; sourceTree = "<group>"; };
		569534261B526F1800CA2B48 /* strutil.cc */ = {isa = PBXFileReference; fileEncoding = 4; lastKnownFileType = sourcecode.cpp.cpp; path = strutil.cc; sourceTree = "<group>"; };
		569534271B526F1800CA2B48 /* strutil.h */ = {isa = PBXFileReference; fileEncoding = 4; lastKnownFileType = sourcecode.c.h; path = strutil.h; sourceTree = "<group>"; };
		569534281B526F1800CA2B48 /* substitute.cc */ = {isa = PBXFileReference; fileEncoding = 4; lastKnownFileType = sourcecode.cpp.cpp; path = substitute.cc; sourceTree = "<group>"; };
		569534291B526F1800CA2B48 /* substitute.h */ = {isa = PBXFileReference; fileEncoding = 4; lastKnownFileType = sourcecode.c.h; path = substitute.h; sourceTree = "<group>"; };
		5695342A1B526F1800CA2B48 /* template_util.h */ = {isa = PBXFileReference; fileEncoding = 4; lastKnownFileType = sourcecode.c.h; path = template_util.h; sourceTree = "<group>"; };
		5695342B1B526F1800CA2B48 /* type_traits.h */ = {isa = PBXFileReference; fileEncoding = 4; lastKnownFileType = sourcecode.c.h; path = type_traits.h; sourceTree = "<group>"; };
		5695342C1B526F1800CA2B48 /* text_format.cc */ = {isa = PBXFileReference; fileEncoding = 4; lastKnownFileType = sourcecode.cpp.cpp; path = text_format.cc; sourceTree = "<group>"; };
		5695342D1B526F1800CA2B48 /* text_format.h */ = {isa = PBXFileReference; fileEncoding = 4; lastKnownFileType = sourcecode.c.h; path = text_format.h; sourceTree = "<group>"; };
		5695342E1B526F1800CA2B48 /* unknown_field_set.cc */ = {isa = PBXFileReference; fileEncoding = 4; lastKnownFileType = sourcecode.cpp.cpp; path = unknown_field_set.cc; sourceTree = "<group>"; };
		5695342F1B526F1800CA2B48 /* unknown_field_set.h */ = {isa = PBXFileReference; fileEncoding = 4; lastKnownFileType = sourcecode.c.h; path = unknown_field_set.h; sourceTree = "<group>"; };
		569534301B526F1800CA2B48 /* wire_format.cc */ = {isa = PBXFileReference; fileEncoding = 4; lastKnownFileType = sourcecode.cpp.cpp; path = wire_format.cc; sourceTree = "<group>"; };
		569534311B526F1800CA2B48 /* wire_format.h */ = {isa = PBXFileReference; fileEncoding = 4; lastKnownFileType = sourcecode.c.h; path = wire_format.h; sourceTree = "<group>"; };
		569534321B526F1800CA2B48 /* wire_format_lite.cc */ = {isa = PBXFileReference; fileEncoding = 4; lastKnownFileType = sourcecode.cpp.cpp; path = wire_format_lite.cc; sourceTree = "<group>"; };
		569534331B526F1800CA2B48 /* wire_format_lite.h */ = {isa = PBXFileReference; fileEncoding = 4; lastKnownFileType = sourcecode.c.h; path = wire_format_lite.h; sourceTree = "<group>"; };
		569534341B526F1800CA2B48 /* wire_format_lite_inl.h */ = {isa = PBXFileReference; fileEncoding = 4; lastKnownFileType = sourcecode.c.h; path = wire_format_lite_inl.h; sourceTree = "<group>"; };
		569534351B526F1800CA2B48 /* protobuf_manager.cc */ = {isa = PBXFileReference; fileEncoding = 4; lastKnownFileType = sourcecode.cpp.cpp; path = protobuf_manager.cc; sourceTree = "<group>"; };
		569534361B526F1800CA2B48 /* protobuf_manager.h */ = {isa = PBXFileReference; fileEncoding = 4; lastKnownFileType = sourcecode.c.h; path = protobuf_manager.h; sourceTree = "<group>"; };
		5695345E1B52707C00CA2B48 /* test.pb.cc */ = {isa = PBXFileReference; fileEncoding = 4; lastKnownFileType = sourcecode.cpp.cpp; path = test.pb.cc; sourceTree = "<group>"; };
		5695345F1B52707C00CA2B48 /* test.pb.h */ = {isa = PBXFileReference; fileEncoding = 4; lastKnownFileType = sourcecode.c.h; path = test.pb.h; sourceTree = "<group>"; };
		569534601B52707C00CA2B48 /* test.proto */ = {isa = PBXFileReference; fileEncoding = 4; lastKnownFileType = text; path = test.proto; sourceTree = "<group>"; };
		569534631B5270AE00CA2B48 /* HomeController.h */ = {isa = PBXFileReference; fileEncoding = 4; lastKnownFileType = sourcecode.c.h; path = HomeController.h; sourceTree = "<group>"; };
		569534641B5270AE00CA2B48 /* HomeController.m */ = {isa = PBXFileReference; fileEncoding = 4; lastKnownFileType = sourcecode.c.objc; path = HomeController.m; sourceTree = "<group>"; };
		569534681B52824A00CA2B48 /* JSONModel+CoreData.h */ = {isa = PBXFileReference; fileEncoding = 4; lastKnownFileType = sourcecode.c.h; path = "JSONModel+CoreData.h"; sourceTree = "<group>"; };
		569534691B52824A00CA2B48 /* JSONModel+CoreData.m */ = {isa = PBXFileReference; fileEncoding = 4; lastKnownFileType = sourcecode.c.objc; path = "JSONModel+CoreData.m"; sourceTree = "<group>"; };
		5695346A1B52824A00CA2B48 /* JSONModel.h */ = {isa = PBXFileReference; fileEncoding = 4; lastKnownFileType = sourcecode.c.h; path = JSONModel.h; sourceTree = "<group>"; };
		5695346B1B52824A00CA2B48 /* JSONModel.m */ = {isa = PBXFileReference; fileEncoding = 4; lastKnownFileType = sourcecode.c.objc; path = JSONModel.m; sourceTree = "<group>"; };
		5695346C1B52824A00CA2B48 /* JSONModelArray.h */ = {isa = PBXFileReference; fileEncoding = 4; lastKnownFileType = sourcecode.c.h; path = JSONModelArray.h; sourceTree = "<group>"; };
		5695346D1B52824A00CA2B48 /* JSONModelArray.m */ = {isa = PBXFileReference; fileEncoding = 4; lastKnownFileType = sourcecode.c.objc; path = JSONModelArray.m; sourceTree = "<group>"; };
		5695346E1B52824A00CA2B48 /* JSONModelClassProperty.h */ = {isa = PBXFileReference; fileEncoding = 4; lastKnownFileType = sourcecode.c.h; path = JSONModelClassProperty.h; sourceTree = "<group>"; };
		5695346F1B52824A00CA2B48 /* JSONModelClassProperty.m */ = {isa = PBXFileReference; fileEncoding = 4; lastKnownFileType = sourcecode.c.objc; path = JSONModelClassProperty.m; sourceTree = "<group>"; };
		569534701B52824A00CA2B48 /* JSONModelError.h */ = {isa = PBXFileReference; fileEncoding = 4; lastKnownFileType = sourcecode.c.h; path = JSONModelError.h; sourceTree = "<group>"; };
		569534711B52824A00CA2B48 /* JSONModelError.m */ = {isa = PBXFileReference; fileEncoding = 4; lastKnownFileType = sourcecode.c.objc; path = JSONModelError.m; sourceTree = "<group>"; };
		569534731B52824A00CA2B48 /* NSArray+JSONModel.h */ = {isa = PBXFileReference; fileEncoding = 4; lastKnownFileType = sourcecode.c.h; path = "NSArray+JSONModel.h"; sourceTree = "<group>"; };
		569534741B52824A00CA2B48 /* NSArray+JSONModel.m */ = {isa = PBXFileReference; fileEncoding = 4; lastKnownFileType = sourcecode.c.objc; path = "NSArray+JSONModel.m"; sourceTree = "<group>"; };
		569534751B52824A00CA2B48 /* JSONModelLib.h */ = {isa = PBXFileReference; fileEncoding = 4; lastKnownFileType = sourcecode.c.h; path = JSONModelLib.h; sourceTree = "<group>"; };
		5695347E1B52824A00CA2B48 /* JSONKeyMapper.h */ = {isa = PBXFileReference; fileEncoding = 4; lastKnownFileType = sourcecode.c.h; path = JSONKeyMapper.h; sourceTree = "<group>"; };
		5695347F1B52824A00CA2B48 /* JSONKeyMapper.m */ = {isa = PBXFileReference; fileEncoding = 4; lastKnownFileType = sourcecode.c.objc; path = JSONKeyMapper.m; sourceTree = "<group>"; };
		569534801B52824A00CA2B48 /* JSONValueTransformer.h */ = {isa = PBXFileReference; fileEncoding = 4; lastKnownFileType = sourcecode.c.h; path = JSONValueTransformer.h; sourceTree = "<group>"; };
		569534811B52824A00CA2B48 /* JSONValueTransformer.m */ = {isa = PBXFileReference; fileEncoding = 4; lastKnownFileType = sourcecode.c.objc; path = JSONValueTransformer.m; sourceTree = "<group>"; };
		5695348F1B5283E900CA2B48 /* TestJsonModel.h */ = {isa = PBXFileReference; fileEncoding = 4; lastKnownFileType = sourcecode.c.h; path = TestJsonModel.h; sourceTree = "<group>"; };
		569534901B5283E900CA2B48 /* TestJsonModel.m */ = {isa = PBXFileReference; fileEncoding = 4; lastKnownFileType = sourcecode.c.objc; path = TestJsonModel.m; sourceTree = "<group>"; };
/* End PBXFileReference section */

/* Begin PBXFrameworksBuildPhase section */
		569533A11B526EA100CA2B48 /* Frameworks */ = {
			isa = PBXFrameworksBuildPhase;
			buildActionMask = 2147483647;
			files = (
			);
			runOnlyForDeploymentPostprocessing = 0;
		};
		569533BA1B526EA100CA2B48 /* Frameworks */ = {
			isa = PBXFrameworksBuildPhase;
			buildActionMask = 2147483647;
			files = (
			);
			runOnlyForDeploymentPostprocessing = 0;
		};
/* End PBXFrameworksBuildPhase section */

/* Begin PBXGroup section */
		5695339B1B526EA100CA2B48 = {
			isa = PBXGroup;
			children = (
				569534661B52824A00CA2B48 /* JSONModelManager */,
				569533CD1B526F1800CA2B48 /* ProtobufManager */,
				569533A61B526EA100CA2B48 /* Protobuf-v2.6.0 */,
				569533C01B526EA100CA2B48 /* Protobuf-v2.6.0Tests */,
				569533A51B526EA100CA2B48 /* Products */,
			);
			sourceTree = "<group>";
		};
		569533A51B526EA100CA2B48 /* Products */ = {
			isa = PBXGroup;
			children = (
				569533A41B526EA100CA2B48 /* Protobuf-v2.6.0.app */,
				569533BD1B526EA100CA2B48 /* Protobuf-v2.6.0Tests.xctest */,
			);
			name = Products;
			sourceTree = "<group>";
		};
		569533A61B526EA100CA2B48 /* Protobuf-v2.6.0 */ = {
			isa = PBXGroup;
			children = (
				5695345D1B52707C00CA2B48 /* ProtobufFile */,
				569533AB1B526EA100CA2B48 /* AppDelegate.h */,
				569533AC1B526EA100CA2B48 /* AppDelegate.m */,
				569533AE1B526EA100CA2B48 /* ViewController.h */,
				569533AF1B526EA100CA2B48 /* ViewController.m */,
				569533B11B526EA100CA2B48 /* Main.storyboard */,
				569533B41B526EA100CA2B48 /* Images.xcassets */,
				569533B61B526EA100CA2B48 /* LaunchScreen.xib */,
				569533A71B526EA100CA2B48 /* Supporting Files */,
				569534631B5270AE00CA2B48 /* HomeController.h */,
				569534641B5270AE00CA2B48 /* HomeController.m */,
			);
			path = "Protobuf-v2.6.0";
			sourceTree = "<group>";
		};
		569533A71B526EA100CA2B48 /* Supporting Files */ = {
			isa = PBXGroup;
			children = (
				569533A81B526EA100CA2B48 /* Info.plist */,
				569533A91B526EA100CA2B48 /* main.m */,
			);
			name = "Supporting Files";
			sourceTree = "<group>";
		};
		569533C01B526EA100CA2B48 /* Protobuf-v2.6.0Tests */ = {
			isa = PBXGroup;
			children = (
				569533C31B526EA100CA2B48 /* Protobuf_v2_6_0Tests.m */,
				569533C11B526EA100CA2B48 /* Supporting Files */,
			);
			path = "Protobuf-v2.6.0Tests";
			sourceTree = "<group>";
		};
		569533C11B526EA100CA2B48 /* Supporting Files */ = {
			isa = PBXGroup;
			children = (
				569533C21B526EA100CA2B48 /* Info.plist */,
			);
			name = "Supporting Files";
			sourceTree = "<group>";
		};
		569533CD1B526F1800CA2B48 /* ProtobufManager */ = {
			isa = PBXGroup;
			children = (
				569533D61B526F1800CA2B48 /* Protobuf */,
				569533D11B526F1800CA2B48 /* Objetive-C */,
				569533CE1B526F1800CA2B48 /* message_data.cc */,
				569533CF1B526F1800CA2B48 /* message_data.h */,
				569533D01B526F1800CA2B48 /* message_data_def.h */,
				569534351B526F1800CA2B48 /* protobuf_manager.cc */,
				569534361B526F1800CA2B48 /* protobuf_manager.h */,
			);
			path = ProtobufManager;
			sourceTree = "<group>";
		};
		569533D11B526F1800CA2B48 /* Objetive-C */ = {
			isa = PBXGroup;
			children = (
				569533D21B526F1800CA2B48 /* OCMessageValue.h */,
				569533D31B526F1800CA2B48 /* OCMessageValue.mm */,
				569533D41B526F1800CA2B48 /* OCProtobufMaganer.h */,
				569533D51B526F1800CA2B48 /* OCProtobufMaganer.mm */,
			);
			path = "Objetive-C";
			sourceTree = "<group>";
		};
		569533D61B526F1800CA2B48 /* Protobuf */ = {
			isa = PBXGroup;
			children = (
				569533D81B526F1800CA2B48 /* src */,
			);
			path = Protobuf;
			sourceTree = "<group>";
		};
		569533D81B526F1800CA2B48 /* src */ = {
			isa = PBXGroup;
			children = (
				569533D91B526F1800CA2B48 /* google */,
				569533D71B526F1800CA2B48 /* config.h */,
			);
			path = src;
			sourceTree = "<group>";
		};
		569533D91B526F1800CA2B48 /* google */ = {
			isa = PBXGroup;
			children = (
				569533DA1B526F1800CA2B48 /* protobuf */,
			);
			path = google;
			sourceTree = "<group>";
		};
		569533DA1B526F1800CA2B48 /* protobuf */ = {
			isa = PBXGroup;
			children = (
				569533DB1B526F1800CA2B48 /* compiler */,
				569533F01B526F1800CA2B48 /* io */,
				5695340B1B526F1800CA2B48 /* stubs */,
				569533E41B526F1800CA2B48 /* descriptor_database.cc */,
				569533E51B526F1800CA2B48 /* descriptor_database.h */,
				569533E01B526F1800CA2B48 /* descriptor.cc */,
				569533E11B526F1800CA2B48 /* descriptor.h */,
				569533E21B526F1800CA2B48 /* descriptor.pb.cc */,
				569533E31B526F1800CA2B48 /* descriptor.pb.h */,
				569533E61B526F1800CA2B48 /* dynamic_message.cc */,
				569533E71B526F1800CA2B48 /* dynamic_message.h */,
				569533EA1B526F1800CA2B48 /* extension_set_heavy.cc */,
				569533E81B526F1800CA2B48 /* extension_set.cc */,
				569533E91B526F1800CA2B48 /* extension_set.h */,
				569533EB1B526F1800CA2B48 /* generated_enum_reflection.h */,
				569533EC1B526F1800CA2B48 /* generated_message_reflection.cc */,
				569533ED1B526F1800CA2B48 /* generated_message_reflection.h */,
				569533EE1B526F1800CA2B48 /* generated_message_util.cc */,
				569533EF1B526F1800CA2B48 /* generated_message_util.h */,
				569534021B526F1800CA2B48 /* message_lite.cc */,
				569534031B526F1800CA2B48 /* message_lite.h */,
				569534001B526F1800CA2B48 /* message.cc */,
				569534011B526F1800CA2B48 /* message.h */,
				569534041B526F1800CA2B48 /* package_info.h */,
				569534051B526F1800CA2B48 /* reflection_ops.cc */,
				569534061B526F1800CA2B48 /* reflection_ops.h */,
				569534071B526F1800CA2B48 /* repeated_field.cc */,
				569534081B526F1800CA2B48 /* repeated_field.h */,
				569534091B526F1800CA2B48 /* service.cc */,
				5695340A1B526F1800CA2B48 /* service.h */,
				5695342C1B526F1800CA2B48 /* text_format.cc */,
				5695342D1B526F1800CA2B48 /* text_format.h */,
				5695342E1B526F1800CA2B48 /* unknown_field_set.cc */,
				5695342F1B526F1800CA2B48 /* unknown_field_set.h */,
				569534341B526F1800CA2B48 /* wire_format_lite_inl.h */,
				569534321B526F1800CA2B48 /* wire_format_lite.cc */,
				569534331B526F1800CA2B48 /* wire_format_lite.h */,
				569534301B526F1800CA2B48 /* wire_format.cc */,
				569534311B526F1800CA2B48 /* wire_format.h */,
			);
			path = protobuf;
			sourceTree = "<group>";
		};
		569533DB1B526F1800CA2B48 /* compiler */ = {
			isa = PBXGroup;
			children = (
				569533DC1B526F1800CA2B48 /* importer.cc */,
				569533DD1B526F1800CA2B48 /* importer.h */,
				569533DE1B526F1800CA2B48 /* parser.cc */,
				569533DF1B526F1800CA2B48 /* parser.h */,
			);
			path = compiler;
			sourceTree = "<group>";
		};
		569533F01B526F1800CA2B48 /* io */ = {
			isa = PBXGroup;
			children = (
				569533F11B526F1800CA2B48 /* coded_stream.cc */,
				569533F21B526F1800CA2B48 /* coded_stream.h */,
				569533F31B526F1800CA2B48 /* coded_stream_inl.h */,
				569533F41B526F1800CA2B48 /* printer.cc */,
				569533F51B526F1800CA2B48 /* printer.h */,
				569533F61B526F1800CA2B48 /* strtod.cc */,
				569533F71B526F1800CA2B48 /* strtod.h */,
				569533F81B526F1800CA2B48 /* tokenizer.cc */,
				569533F91B526F1800CA2B48 /* tokenizer.h */,
				569533FA1B526F1800CA2B48 /* zero_copy_stream.cc */,
				569533FB1B526F1800CA2B48 /* zero_copy_stream.h */,
				569533FC1B526F1800CA2B48 /* zero_copy_stream_impl.cc */,
				569533FD1B526F1800CA2B48 /* zero_copy_stream_impl.h */,
				569533FE1B526F1800CA2B48 /* zero_copy_stream_impl_lite.cc */,
				569533FF1B526F1800CA2B48 /* zero_copy_stream_impl_lite.h */,
			);
			path = io;
			sourceTree = "<group>";
		};
		5695340B1B526F1800CA2B48 /* stubs */ = {
			isa = PBXGroup;
			children = (
				5695340C1B526F1800CA2B48 /* atomicops.h */,
				5695340D1B526F1800CA2B48 /* atomicops_internals_arm64_gcc.h */,
				5695340E1B526F1800CA2B48 /* atomicops_internals_arm_gcc.h */,
				5695340F1B526F1800CA2B48 /* atomicops_internals_arm_qnx.h */,
				569534101B526F1800CA2B48 /* atomicops_internals_atomicword_compat.h */,
				569534111B526F1800CA2B48 /* atomicops_internals_generic_gcc.h */,
				569534121B526F1800CA2B48 /* atomicops_internals_macosx.h */,
				569534131B526F1800CA2B48 /* atomicops_internals_mips_gcc.h */,
				569534141B526F1800CA2B48 /* atomicops_internals_pnacl.h */,
				569534151B526F1800CA2B48 /* atomicops_internals_tsan.h */,
				569534161B526F1800CA2B48 /* atomicops_internals_x86_gcc.cc */,
				569534171B526F1800CA2B48 /* atomicops_internals_x86_gcc.h */,
				569534181B526F1800CA2B48 /* atomicops_internals_x86_msvc.cc */,
				569534191B526F1800CA2B48 /* atomicops_internals_x86_msvc.h */,
				5695341A1B526F1800CA2B48 /* common.cc */,
				5695341B1B526F1800CA2B48 /* common.h */,
				5695341C1B526F1800CA2B48 /* hash.h */,
				5695341D1B526F1800CA2B48 /* map_util.h */,
				5695341E1B526F1800CA2B48 /* once.cc */,
				5695341F1B526F1800CA2B48 /* once.h */,
				569534201B526F1800CA2B48 /* platform_macros.h */,
				569534211B526F1800CA2B48 /* shared_ptr.h */,
				569534221B526F1800CA2B48 /* stl_util.h */,
				569534231B526F1800CA2B48 /* stringprintf.cc */,
				569534241B526F1800CA2B48 /* stringprintf.h */,
				569534251B526F1800CA2B48 /* structurally_valid.cc */,
				569534261B526F1800CA2B48 /* strutil.cc */,
				569534271B526F1800CA2B48 /* strutil.h */,
				569534281B526F1800CA2B48 /* substitute.cc */,
				569534291B526F1800CA2B48 /* substitute.h */,
				5695342A1B526F1800CA2B48 /* template_util.h */,
				5695342B1B526F1800CA2B48 /* type_traits.h */,
			);
			path = stubs;
			sourceTree = "<group>";
		};
		5695345D1B52707C00CA2B48 /* ProtobufFile */ = {
			isa = PBXGroup;
			children = (
				5695345E1B52707C00CA2B48 /* test.pb.cc */,
				5695345F1B52707C00CA2B48 /* test.pb.h */,
				569534601B52707C00CA2B48 /* test.proto */,
			);
			path = ProtobufFile;
			sourceTree = "<group>";
		};
		569534661B52824A00CA2B48 /* JSONModelManager */ = {
			isa = PBXGroup;
			children = (
				569534671B52824A00CA2B48 /* JSONModel */,
				569534721B52824A00CA2B48 /* JSONModelCategories */,
				569534751B52824A00CA2B48 /* JSONModelLib.h */,
				5695347D1B52824A00CA2B48 /* JSONModelTransformations */,
				5695348F1B5283E900CA2B48 /* TestJsonModel.h */,
				569534901B5283E900CA2B48 /* TestJsonModel.m */,
			);
			path = JSONModelManager;
			sourceTree = "<group>";
		};
		569534671B52824A00CA2B48 /* JSONModel */ = {
			isa = PBXGroup;
			children = (
				569534681B52824A00CA2B48 /* JSONModel+CoreData.h */,
				569534691B52824A00CA2B48 /* JSONModel+CoreData.m */,
				5695346A1B52824A00CA2B48 /* JSONModel.h */,
				5695346B1B52824A00CA2B48 /* JSONModel.m */,
				5695346C1B52824A00CA2B48 /* JSONModelArray.h */,
				5695346D1B52824A00CA2B48 /* JSONModelArray.m */,
				5695346E1B52824A00CA2B48 /* JSONModelClassProperty.h */,
				5695346F1B52824A00CA2B48 /* JSONModelClassProperty.m */,
				569534701B52824A00CA2B48 /* JSONModelError.h */,
				569534711B52824A00CA2B48 /* JSONModelError.m */,
			);
			path = JSONModel;
			sourceTree = "<group>";
		};
		569534721B52824A00CA2B48 /* JSONModelCategories */ = {
			isa = PBXGroup;
			children = (
				569534731B52824A00CA2B48 /* NSArray+JSONModel.h */,
				569534741B52824A00CA2B48 /* NSArray+JSONModel.m */,
			);
			path = JSONModelCategories;
			sourceTree = "<group>";
		};
		5695347D1B52824A00CA2B48 /* JSONModelTransformations */ = {
			isa = PBXGroup;
			children = (
				5695347E1B52824A00CA2B48 /* JSONKeyMapper.h */,
				5695347F1B52824A00CA2B48 /* JSONKeyMapper.m */,
				569534801B52824A00CA2B48 /* JSONValueTransformer.h */,
				569534811B52824A00CA2B48 /* JSONValueTransformer.m */,
			);
			path = JSONModelTransformations;
			sourceTree = "<group>";
		};
/* End PBXGroup section */

/* Begin PBXNativeTarget section */
		569533A31B526EA100CA2B48 /* Protobuf-v2.6.0 */ = {
			isa = PBXNativeTarget;
			buildConfigurationList = 569533C71B526EA100CA2B48 /* Build configuration list for PBXNativeTarget "Protobuf-v2.6.0" */;
			buildPhases = (
				569533A01B526EA100CA2B48 /* Sources */,
				569533A11B526EA100CA2B48 /* Frameworks */,
				569533A21B526EA100CA2B48 /* Resources */,
			);
			buildRules = (
			);
			dependencies = (
			);
			name = "Protobuf-v2.6.0";
			productName = "Protobuf-v2.6.0";
			productReference = 569533A41B526EA100CA2B48 /* Protobuf-v2.6.0.app */;
			productType = "com.apple.product-type.application";
		};
		569533BC1B526EA100CA2B48 /* Protobuf-v2.6.0Tests */ = {
			isa = PBXNativeTarget;
			buildConfigurationList = 569533CA1B526EA100CA2B48 /* Build configuration list for PBXNativeTarget "Protobuf-v2.6.0Tests" */;
			buildPhases = (
				569533B91B526EA100CA2B48 /* Sources */,
				569533BA1B526EA100CA2B48 /* Frameworks */,
				569533BB1B526EA100CA2B48 /* Resources */,
			);
			buildRules = (
			);
			dependencies = (
				569533BF1B526EA100CA2B48 /* PBXTargetDependency */,
			);
			name = "Protobuf-v2.6.0Tests";
			productName = "Protobuf-v2.6.0Tests";
			productReference = 569533BD1B526EA100CA2B48 /* Protobuf-v2.6.0Tests.xctest */;
			productType = "com.apple.product-type.bundle.unit-test";
		};
/* End PBXNativeTarget section */

/* Begin PBXProject section */
		5695339C1B526EA100CA2B48 /* Project object */ = {
			isa = PBXProject;
			attributes = {
				LastUpgradeCheck = 0640;
				ORGANIZATIONNAME = czyhome;
				TargetAttributes = {
					569533A31B526EA100CA2B48 = {
						CreatedOnToolsVersion = 6.4;
					};
					569533BC1B526EA100CA2B48 = {
						CreatedOnToolsVersion = 6.4;
						TestTargetID = 569533A31B526EA100CA2B48;
					};
				};
			};
			buildConfigurationList = 5695339F1B526EA100CA2B48 /* Build configuration list for PBXProject "Protobuf-v2.6.0" */;
			compatibilityVersion = "Xcode 3.2";
			developmentRegion = English;
			hasScannedForEncodings = 0;
			knownRegions = (
				en,
				Base,
			);
			mainGroup = 5695339B1B526EA100CA2B48;
			productRefGroup = 569533A51B526EA100CA2B48 /* Products */;
			projectDirPath = "";
			projectRoot = "";
			targets = (
				569533A31B526EA100CA2B48 /* Protobuf-v2.6.0 */,
				569533BC1B526EA100CA2B48 /* Protobuf-v2.6.0Tests */,
			);
		};
/* End PBXProject section */

/* Begin PBXResourcesBuildPhase section */
		569533A21B526EA100CA2B48 /* Resources */ = {
			isa = PBXResourcesBuildPhase;
			buildActionMask = 2147483647;
			files = (
				569534621B52707C00CA2B48 /* test.proto in Resources */,
				569533B31B526EA100CA2B48 /* Main.storyboard in Resources */,
				569533B81B526EA100CA2B48 /* LaunchScreen.xib in Resources */,
				569533B51B526EA100CA2B48 /* Images.xcassets in Resources */,
			);
			runOnlyForDeploymentPostprocessing = 0;
		};
		569533BB1B526EA100CA2B48 /* Resources */ = {
			isa = PBXResourcesBuildPhase;
			buildActionMask = 2147483647;
			files = (
			);
			runOnlyForDeploymentPostprocessing = 0;
		};
/* End PBXResourcesBuildPhase section */

/* Begin PBXSourcesBuildPhase section */
		569533A01B526EA100CA2B48 /* Sources */ = {
			isa = PBXSourcesBuildPhase;
			buildActionMask = 2147483647;
			files = (
				569534861B52824A00CA2B48 /* JSONModelError.m in Sources */,
				569534531B526F1800CA2B48 /* once.cc in Sources */,
				569534571B526F1800CA2B48 /* substitute.cc in Sources */,
				569534381B526F1800CA2B48 /* OCMessageValue.mm in Sources */,
				5695343A1B526F1800CA2B48 /* importer.cc in Sources */,
				569534821B52824A00CA2B48 /* JSONModel+CoreData.m in Sources */,
				569534841B52824A00CA2B48 /* JSONModelArray.m in Sources */,
				569534401B526F1800CA2B48 /* extension_set.cc in Sources */,
				5695344B1B526F1800CA2B48 /* message.cc in Sources */,
				569534581B526F1800CA2B48 /* text_format.cc in Sources */,
				569534541B526F1800CA2B48 /* stringprintf.cc in Sources */,
				5695348C1B52824A00CA2B48 /* JSONValueTransformer.m in Sources */,
				5695343B1B526F1800CA2B48 /* parser.cc in Sources */,
				5695343D1B526F1800CA2B48 /* descriptor.pb.cc in Sources */,
				569534561B526F1800CA2B48 /* strutil.cc in Sources */,
				569534551B526F1800CA2B48 /* structurally_valid.cc in Sources */,
				569534871B52824A00CA2B48 /* NSArray+JSONModel.m in Sources */,
				569533B01B526EA100CA2B48 /* ViewController.m in Sources */,
				569534461B526F1800CA2B48 /* strtod.cc in Sources */,
				5695348B1B52824A00CA2B48 /* JSONKeyMapper.m in Sources */,
				569534511B526F1800CA2B48 /* atomicops_internals_x86_msvc.cc in Sources */,
				569534371B526F1800CA2B48 /* message_data.cc in Sources */,
				5695343C1B526F1800CA2B48 /* descriptor.cc in Sources */,
				5695344C1B526F1800CA2B48 /* message_lite.cc in Sources */,
				569534591B526F1800CA2B48 /* unknown_field_set.cc in Sources */,
				5695345B1B526F1800CA2B48 /* wire_format_lite.cc in Sources */,
				569534411B526F1800CA2B48 /* extension_set_heavy.cc in Sources */,
				5695343F1B526F1800CA2B48 /* dynamic_message.cc in Sources */,
				5695344D1B526F1800CA2B48 /* reflection_ops.cc in Sources */,
				569534831B52824A00CA2B48 /* JSONModel.m in Sources */,
				569534521B526F1800CA2B48 /* common.cc in Sources */,
				569534501B526F1800CA2B48 /* atomicops_internals_x86_gcc.cc in Sources */,
				569534471B526F1800CA2B48 /* tokenizer.cc in Sources */,
				5695344F1B526F1800CA2B48 /* service.cc in Sources */,
				5695344A1B526F1800CA2B48 /* zero_copy_stream_impl_lite.cc in Sources */,
				5695344E1B526F1800CA2B48 /* repeated_field.cc in Sources */,
				569534451B526F1800CA2B48 /* printer.cc in Sources */,
				569534421B526F1800CA2B48 /* generated_message_reflection.cc in Sources */,
				5695343E1B526F1800CA2B48 /* descriptor_database.cc in Sources */,
				569533AD1B526EA100CA2B48 /* AppDelegate.m in Sources */,
				569534431B526F1800CA2B48 /* generated_message_util.cc in Sources */,
				569534911B5283E900CA2B48 /* TestJsonModel.m in Sources */,
				5695345A1B526F1800CA2B48 /* wire_format.cc in Sources */,
				569534481B526F1800CA2B48 /* zero_copy_stream.cc in Sources */,
				5695345C1B526F1800CA2B48 /* protobuf_manager.cc in Sources */,
				569534851B52824A00CA2B48 /* JSONModelClassProperty.m in Sources */,
				569534441B526F1800CA2B48 /* coded_stream.cc in Sources */,
				569534611B52707C00CA2B48 /* test.pb.cc in Sources */,
				569534391B526F1800CA2B48 /* OCProtobufMaganer.mm in Sources */,
				569534651B5270AE00CA2B48 /* HomeController.m in Sources */,
				569534491B526F1800CA2B48 /* zero_copy_stream_impl.cc in Sources */,
				569533AA1B526EA100CA2B48 /* main.m in Sources */,
			);
			runOnlyForDeploymentPostprocessing = 0;
		};
		569533B91B526EA100CA2B48 /* Sources */ = {
			isa = PBXSourcesBuildPhase;
			buildActionMask = 2147483647;
			files = (
				569533C41B526EA100CA2B48 /* Protobuf_v2_6_0Tests.m in Sources */,
			);
			runOnlyForDeploymentPostprocessing = 0;
		};
/* End PBXSourcesBuildPhase section */

/* Begin PBXTargetDependency section */
		569533BF1B526EA100CA2B48 /* PBXTargetDependency */ = {
			isa = PBXTargetDependency;
			target = 569533A31B526EA100CA2B48 /* Protobuf-v2.6.0 */;
			targetProxy = 569533BE1B526EA100CA2B48 /* PBXContainerItemProxy */;
		};
/* End PBXTargetDependency section */

/* Begin PBXVariantGroup section */
		569533B11B526EA100CA2B48 /* Main.storyboard */ = {
			isa = PBXVariantGroup;
			children = (
				569533B21B526EA100CA2B48 /* Base */,
			);
			name = Main.storyboard;
			sourceTree = "<group>";
		};
		569533B61B526EA100CA2B48 /* LaunchScreen.xib */ = {
			isa = PBXVariantGroup;
			children = (
				569533B71B526EA100CA2B48 /* Base */,
			);
			name = LaunchScreen.xib;
			sourceTree = "<group>";
		};
/* End PBXVariantGroup section */

/* Begin XCBuildConfiguration section */
		569533C51B526EA100CA2B48 /* Debug */ = {
			isa = XCBuildConfiguration;
			buildSettings = {
				ALWAYS_SEARCH_USER_PATHS = NO;
				CLANG_CXX_LANGUAGE_STANDARD = "gnu++0x";
				CLANG_CXX_LIBRARY = "libc++";
				CLANG_ENABLE_MODULES = YES;
				CLANG_ENABLE_OBJC_ARC = YES;
				CLANG_WARN_BOOL_CONVERSION = YES;
				CLANG_WARN_CONSTANT_CONVERSION = YES;
				CLANG_WARN_DIRECT_OBJC_ISA_USAGE = YES_ERROR;
				CLANG_WARN_EMPTY_BODY = YES;
				CLANG_WARN_ENUM_CONVERSION = YES;
				CLANG_WARN_INT_CONVERSION = YES;
				CLANG_WARN_OBJC_ROOT_CLASS = YES_ERROR;
				CLANG_WARN_UNREACHABLE_CODE = YES;
				CLANG_WARN__DUPLICATE_METHOD_MATCH = YES;
				"CODE_SIGN_IDENTITY[sdk=iphoneos*]" = "iPhone Developer";
				COPY_PHASE_STRIP = NO;
				DEBUG_INFORMATION_FORMAT = "dwarf-with-dsym";
				ENABLE_STRICT_OBJC_MSGSEND = YES;
				GCC_C_LANGUAGE_STANDARD = gnu99;
				GCC_DYNAMIC_NO_PIC = NO;
				GCC_NO_COMMON_BLOCKS = YES;
				GCC_OPTIMIZATION_LEVEL = 0;
				GCC_PREPROCESSOR_DEFINITIONS = (
					"DEBUG=1",
					"$(inherited)",
				);
				GCC_SYMBOLS_PRIVATE_EXTERN = NO;
				GCC_WARN_64_TO_32_BIT_CONVERSION = YES;
				GCC_WARN_ABOUT_RETURN_TYPE = YES_ERROR;
				GCC_WARN_UNDECLARED_SELECTOR = YES;
				GCC_WARN_UNINITIALIZED_AUTOS = YES_AGGRESSIVE;
				GCC_WARN_UNUSED_FUNCTION = YES;
				GCC_WARN_UNUSED_VARIABLE = YES;
				IPHONEOS_DEPLOYMENT_TARGET = 8.4;
				MTL_ENABLE_DEBUG_INFO = YES;
				ONLY_ACTIVE_ARCH = YES;
				SDKROOT = iphoneos;
				TARGETED_DEVICE_FAMILY = "1,2";
			};
			name = Debug;
		};
		569533C61B526EA100CA2B48 /* Release */ = {
			isa = XCBuildConfiguration;
			buildSettings = {
				ALWAYS_SEARCH_USER_PATHS = NO;
				CLANG_CXX_LANGUAGE_STANDARD = "gnu++0x";
				CLANG_CXX_LIBRARY = "libc++";
				CLANG_ENABLE_MODULES = YES;
				CLANG_ENABLE_OBJC_ARC = YES;
				CLANG_WARN_BOOL_CONVERSION = YES;
				CLANG_WARN_CONSTANT_CONVERSION = YES;
				CLANG_WARN_DIRECT_OBJC_ISA_USAGE = YES_ERROR;
				CLANG_WARN_EMPTY_BODY = YES;
				CLANG_WARN_ENUM_CONVERSION = YES;
				CLANG_WARN_INT_CONVERSION = YES;
				CLANG_WARN_OBJC_ROOT_CLASS = YES_ERROR;
				CLANG_WARN_UNREACHABLE_CODE = YES;
				CLANG_WARN__DUPLICATE_METHOD_MATCH = YES;
				"CODE_SIGN_IDENTITY[sdk=iphoneos*]" = "iPhone Developer";
				COPY_PHASE_STRIP = NO;
				DEBUG_INFORMATION_FORMAT = "dwarf-with-dsym";
				ENABLE_NS_ASSERTIONS = NO;
				ENABLE_STRICT_OBJC_MSGSEND = YES;
				GCC_C_LANGUAGE_STANDARD = gnu99;
				GCC_NO_COMMON_BLOCKS = YES;
				GCC_WARN_64_TO_32_BIT_CONVERSION = YES;
				GCC_WARN_ABOUT_RETURN_TYPE = YES_ERROR;
				GCC_WARN_UNDECLARED_SELECTOR = YES;
				GCC_WARN_UNINITIALIZED_AUTOS = YES_AGGRESSIVE;
				GCC_WARN_UNUSED_FUNCTION = YES;
				GCC_WARN_UNUSED_VARIABLE = YES;
				IPHONEOS_DEPLOYMENT_TARGET = 8.4;
				MTL_ENABLE_DEBUG_INFO = NO;
				SDKROOT = iphoneos;
				TARGETED_DEVICE_FAMILY = "1,2";
				VALIDATE_PRODUCT = YES;
			};
			name = Release;
		};
		569533C81B526EA100CA2B48 /* Debug */ = {
			isa = XCBuildConfiguration;
			buildSettings = {
				ASSETCATALOG_COMPILER_APPICON_NAME = AppIcon;
				HEADER_SEARCH_PATHS = (
					"$(inherited)",
					/Applications/Xcode.app/Contents/Developer/Toolchains/XcodeDefault.xctoolchain/usr/include,
					ProtobufManager/Protobuf/src,
				);
				INFOPLIST_FILE = "Protobuf-v2.6.0/Info.plist";
				LD_RUNPATH_SEARCH_PATHS = "$(inherited) @executable_path/Frameworks";
				PRODUCT_NAME = "$(TARGET_NAME)";
			};
			name = Debug;
		};
		569533C91B526EA100CA2B48 /* Release */ = {
			isa = XCBuildConfiguration;
			buildSettings = {
				ASSETCATALOG_COMPILER_APPICON_NAME = AppIcon;
				HEADER_SEARCH_PATHS = (
					"$(inherited)",
					/Applications/Xcode.app/Contents/Developer/Toolchains/XcodeDefault.xctoolchain/usr/include,
					ProtobufManager/Protobuf/src,
				);
				INFOPLIST_FILE = "Protobuf-v2.6.0/Info.plist";
				LD_RUNPATH_SEARCH_PATHS = "$(inherited) @executable_path/Frameworks";
				PRODUCT_NAME = "$(TARGET_NAME)";
			};
			name = Release;
		};
		569533CB1B526EA100CA2B48 /* Debug */ = {
			isa = XCBuildConfiguration;
			buildSettings = {
				BUNDLE_LOADER = "$(TEST_HOST)";
				FRAMEWORK_SEARCH_PATHS = (
					"$(SDKROOT)/Developer/Library/Frameworks",
					"$(inherited)",
				);
				GCC_PREPROCESSOR_DEFINITIONS = (
					"DEBUG=1",
					"$(inherited)",
				);
				INFOPLIST_FILE = "Protobuf-v2.6.0Tests/Info.plist";
				LD_RUNPATH_SEARCH_PATHS = "$(inherited) @executable_path/Frameworks @loader_path/Frameworks";
				PRODUCT_NAME = "$(TARGET_NAME)";
				TEST_HOST = "$(BUILT_PRODUCTS_DIR)/Protobuf-v2.6.0.app/Protobuf-v2.6.0";
			};
			name = Debug;
		};
		569533CC1B526EA100CA2B48 /* Release */ = {
			isa = XCBuildConfiguration;
			buildSettings = {
				BUNDLE_LOADER = "$(TEST_HOST)";
				FRAMEWORK_SEARCH_PATHS = (
					"$(SDKROOT)/Developer/Library/Frameworks",
					"$(inherited)",
				);
				INFOPLIST_FILE = "Protobuf-v2.6.0Tests/Info.plist";
				LD_RUNPATH_SEARCH_PATHS = "$(inherited) @executable_path/Frameworks @loader_path/Frameworks";
				PRODUCT_NAME = "$(TARGET_NAME)";
				TEST_HOST = "$(BUILT_PRODUCTS_DIR)/Protobuf-v2.6.0.app/Protobuf-v2.6.0";
			};
			name = Release;
		};
/* End XCBuildConfiguration section */

/* Begin XCConfigurationList section */
		5695339F1B526EA100CA2B48 /* Build configuration list for PBXProject "Protobuf-v2.6.0" */ = {
			isa = XCConfigurationList;
			buildConfigurations = (
				569533C51B526EA100CA2B48 /* Debug */,
				569533C61B526EA100CA2B48 /* Release */,
			);
			defaultConfigurationIsVisible = 0;
			defaultConfigurationName = Release;
		};
		569533C71B526EA100CA2B48 /* Build configuration list for PBXNativeTarget "Protobuf-v2.6.0" */ = {
			isa = XCConfigurationList;
			buildConfigurations = (
				569533C81B526EA100CA2B48 /* Debug */,
				569533C91B526EA100CA2B48 /* Release */,
			);
			defaultConfigurationIsVisible = 0;
			defaultConfigurationName = Release;
		};
		569533CA1B526EA100CA2B48 /* Build configuration list for PBXNativeTarget "Protobuf-v2.6.0Tests" */ = {
			isa = XCConfigurationList;
			buildConfigurations = (
				569533CB1B526EA100CA2B48 /* Debug */,
				569533CC1B526EA100CA2B48 /* Release */,
			);
			defaultConfigurationIsVisible = 0;
			defaultConfigurationName = Release;
		};
/* End XCConfigurationList section */
	};
	rootObject = 5695339C1B526EA100CA2B48 /* Project object */;
}
